
Microsoft Visual Studio Solution File, Format Version 10.00
# Visual Studio 2008
Project("{FAE04EC0-301F-11D3-BF4B-00C04F79EFBC}") = "SeniorProject", "SeniorProject\SeniorProject.csproj", "{AC916318-9388-46D8-B956-8A647297006C}"
EndProject
Global
	GlobalSection(SubversionScc) = preSolution
		Svn-Managed = True
		Manager = AnkhSVN - Subversion Support for Visual Studio
	EndGlobalSection
	GlobalSection(SolutionConfigurationPlatforms) = preSolution
		Debug|x86 = Debug|x86
		Release|x86 = Release|x86
	EndGlobalSection
	GlobalSection(ProjectConfigurationPlatforms) = postSolution
		{AC916318-9388-46D8-B956-8A647297006C}.Debug|x86.ActiveCfg = Debug|x86
		{AC916318-9388-46D8-B956-8A647297006C}.Debug|x86.Build.0 = Debug|x86
		{AC916318-9388-46D8-B956-8A647297006C}.Release|x86.ActiveCfg = Release|x86
		{AC916318-9388-46D8-B956-8A647297006C}.Release|x86.Build.0 = Release|x86
		{334DCB80-D9B9-4716-A20E-C1E6BE7F0E59}.Debug|x86.ActiveCfg = Debug|x86
		{334DCB80-D9B9-4716-A20E-C1E6BE7F0E59}.Release|x86.ActiveCfg = Release|x86
	EndGlobalSection
	GlobalSection(SolutionProperties) = preSolution
		HideSolutionNode = FALSE
	EndGlobalSection
EndGlobal
